
Microsoft Visual Studio Solution File, Format Version 12.00
# Visual Studio Version 16
VisualStudioVersion = 16.0.29613.14
MinimumVisualStudioVersion = 10.0.40219.1
Project("{FAE04EC0-301F-11D3-BF4B-00C04F79EFBC}") = "LogViewer", "LogViewer\LogViewer.csproj", "{C314CB22-090A-4FCF-B3F6-6A40A1E8B3A0}"
EndProject
Global
	GlobalSection(SolutionConfigurationPlatforms) = preSolution
		Debug|Any CPU = Debug|Any CPU
		Release|Any CPU = Release|Any CPU
	EndGlobalSection
	GlobalSection(ProjectConfigurationPlatforms) = postSolution
		{C314CB22-090A-4FCF-B3F6-6A40A1E8B3A0}.Debug|Any CPU.ActiveCfg = Debug|Any CPU
		{C314CB22-090A-4FCF-B3F6-6A40A1E8B3A0}.Debug|Any CPU.Build.0 = Debug|Any CPU
		{C314CB22-090A-4FCF-B3F6-6A40A1E8B3A0}.Release|Any CPU.ActiveCfg = Release|Any CPU
		{C314CB22-090A-4FCF-B3F6-6A40A1E8B3A0}.Release|Any CPU.Build.0 = Release|Any CPU
	EndGlobalSection
	GlobalSection(SolutionProperties) = preSolution
		HideSolutionNode = FALSE
	EndGlobalSection
	GlobalSection(ExtensibilityGlobals) = postSolution
		SolutionGuid = {EEED7F40-9287-4615-B236-5267A78F99BB}
	EndGlobalSection
EndGlobal
